{
    "_meta": {
        "hash": {
            "sha256": "783375672c5b5ae25df5576888d32f8ae33a4ab14de7e6043693fb968e6ac766"
        },
        "pipfile-spec": 6,
        "requires": {
            "python_version": "3.6"
        },
        "sources": [
            {
                "name": "pypi",
                "url": "https://pypi.org/simple",
                "verify_ssl": true
            }
        ]
    },
    "default": {
        "allure-pytest": {
            "hashes": [
                "sha256:5e05cefa3259aa3022b907b61dd41dcb32d317370e0c36a2c555fa98a96df654",
                "sha256:618f3e71f31d354c02402b1b5ad8aa04521262dc3d86aa85b91ff59411586936"
            ],
            "index": "pypi",
            "version": "==2.8.40"
        },
        "allure-python-commons": {
            "hashes": [
                "sha256:1dd2e77ca5b785abdb22a179e692a3a6e4983a5a439458940ec8707175f673dc",
                "sha256:2a30546f1aba0cff79e6a9ff9a69759d9777f17fbd6cff5834c2d003bb421dcb"
            ],
            "version": "==2.8.40"
        },
        "attrs": {
            "hashes": [
                "sha256:31b2eced602aa8423c2aea9c76a724617ed67cf9513173fd3a4f03e3a929c7e6",
                "sha256:832aa3cde19744e49938b91fea06d69ecb9e649c93ba974535d08ad92164f700"
            ],
            "version": "==20.3.0"
        },
        "importlib-metadata": {
            "hashes": [
                "sha256:19192b88d959336bfa6bdaaaef99aeafec179eca19c47c804e555703ee5f07ef",
                "sha256:2e881981c9748d7282b374b68e759c87745c25427b67ecf0cc67fb6637a1bff9"
            ],
            "markers": "python_version < '3.8'",
            "version": "==4.0.0"
        },
        "iniconfig": {
            "hashes": [
                "sha256:011e24c64b7f47f6ebd835bb12a743f2fbe9a26d4cecaa7f53bc4f35ee9da8b3",
                "sha256:bc3af051d7d14b2ee5ef9969666def0cd1a000e121eaea580d4a313df4b37f32"
            ],
            "version": "==1.1.1"
        },
        "install": {
            "hashes": [
                "sha256:1455304a2475b6753a9b0c28243ca7d8b7d71aeea1a88e6de94034fc57d765a0",
                "sha256:dfec614e0cc90f00659067a078bc2ec032d9f0758f3df230c073eeaffd0cefa1"
            ],
            "index": "pypi",
            "version": "==1.3.4"
        },
        "packaging": {
            "hashes": [
                "sha256:5b327ac1320dc863dca72f4514ecc086f31186744b84a230374cc1fd776feae5",
                "sha256:67714da7f7bc052e064859c05c595155bd1ee9f69f76557e21f051443c20947a"
            ],
            "version": "==20.9"
        },
        "pluggy": {
            "hashes": [
                "sha256:15b2acde666561e1298d71b523007ed7364de07029219b604cf808bfa1c765b0",
                "sha256:966c145cd83c96502c3c3868f50408687b38434af77734af1e9ca461a4081d2d"
            ],
            "version": "==0.13.1"
        },
        "py": {
            "hashes": [
                "sha256:21b81bda15b66ef5e1a777a21c4dcd9c20ad3efd0b3f817e7a809035269e1bd3",
                "sha256:3b80836aa6d1feeaa108e046da6423ab8f6ceda6468545ae8d02d9d58d18818a"
            ],
            "index": "pypi",
            "version": "==1.10.0"
        },
        "pyparsing": {
            "hashes": [
                "sha256:c203ec8783bf771a155b207279b9bccb8dea02d8f0c9e5f8ead507bc3246ecc1",
                "sha256:ef9d7589ef3c200abe66653d3f1ab1033c3c419ae9b9bdb1240a85b024efc88b"
            ],
            "version": "==2.4.7"
        },
        "pytest": {
            "hashes": [
                "sha256:671238a46e4df0f3498d1c3270e5deb9b32d25134c99b7d75370a68cfbe9b634",
                "sha256:6ad9c7bdf517a808242b998ac20063c41532a570d088d77eec1ee12b0b5574bc"
            ],
            "version": "==6.2.3"
        },
        "pytest-html": {
            "hashes": [
                "sha256:6a4ac391e105e391208e3eb9bd294a60dd336447fd8e1acddff3a6de7f4e57c5",
                "sha256:9e4817e8be8ddde62e8653c8934d0f296b605da3d2277a052f762c56a8b32df2"
            ],
            "index": "pypi",
            "version": "==2.1.1"
        },
        "pytest-metadata": {
            "hashes": [
                "sha256:576055b8336dd4a9006dd2a47615f76f2f8c30ab12b1b1c039d99e834583523f",
                "sha256:71b506d49d34e539cc3cfdb7ce2c5f072bea5c953320002c95968e0238f8ecf1"
            ],
            "version": "==1.11.0"
        },
        "six": {
            "hashes": [
                "sha256:30639c035cdb23534cd4aa2dd52c3bf48f06e5f4a941509c8bafd8ce11080259",
                "sha256:8b74bedcbbbaca38ff6d7491d76f2b06b3592611af620f8426e82dddb04a5ced"
            ],
            "version": "==1.15.0"
        },
        "toml": {
            "hashes": [
                "sha256:806143ae5bfb6a3c6e736a764057db0e6a0e05e338b5630894a5f779cabb4f9b",
                "sha256:b3bda1d108d5dd99f4a20d24d9c348e91c4db7ab1b749200bded2f839ccbe68f"
            ],
            "version": "==0.10.2"
        },
        "typing-extensions": {
            "hashes": [
                "sha256:7cb407020f00f7bfc3cb3e7881628838e69d8f3fcab2f64742a5e76b2f841918",
                "sha256:99d4073b617d30288f569d3f13d2bd7548c3a7e4c8de87db09a9d29bb3a4a60c",
                "sha256:dafc7639cde7f1b6e1acc0f457842a83e722ccca8eef5270af2d74792619a89f"
            ],
            "markers": "python_version < '3.8'",
            "version": "==3.7.4.3"
        },
        "zipp": {
            "hashes": [
                "sha256:3607921face881ba3e026887d8150cca609d517579abe052ac81fc5aeffdbd76",
                "sha256:51cb66cc54621609dd593d1787f286ee42a5c0adbb4b29abea5a63edc3e03098"
            ],
            "version": "==3.4.1"
        }
    },
    "develop": {
        "allure-pytest": {
            "hashes": [
                "sha256:5e05cefa3259aa3022b907b61dd41dcb32d317370e0c36a2c555fa98a96df654",
                "sha256:618f3e71f31d354c02402b1b5ad8aa04521262dc3d86aa85b91ff59411586936"
            ],
            "index": "pypi",
            "version": "==2.8.40"
        },
        "allure-python-commons": {
            "hashes": [
                "sha256:1dd2e77ca5b785abdb22a179e692a3a6e4983a5a439458940ec8707175f673dc",
                "sha256:2a30546f1aba0cff79e6a9ff9a69759d9777f17fbd6cff5834c2d003bb421dcb"
            ],
            "version": "==2.8.40"
        },
        "attrs": {
            "hashes": [
                "sha256:31b2eced602aa8423c2aea9c76a724617ed67cf9513173fd3a4f03e3a929c7e6",
                "sha256:832aa3cde19744e49938b91fea06d69ecb9e649c93ba974535d08ad92164f700"
            ],
            "version": "==20.3.0"
        },
        "boto3": {
            "hashes": [
                "sha256:1e55df93aa47a84e2a12a639c7f145e16e6e9ef959542d69d5526d50d2e92692",
                "sha256:eab42daaaf68cdad5b112d31dcb0684162098f6558ba7b64156be44f993525fa"
            ],
            "version": "==1.17.54"
        },
        "botocore": {
            "hashes": [
                "sha256:20a864fc6570ba11d52532c72c3ccabab5c71a9b4a9418601a313d56f1d2ce5b",
                "sha256:37ec76ea2df8609540ba6cb0fe360ae1c589d2e1ee91eb642fd767823f3fcedd"
            ],
            "version": "==1.20.54"
        },
        "certifi": {
            "hashes": [
                "sha256:1a4995114262bffbc2413b159f2a1a480c969de6e6eb13ee966d470af86af59c",
                "sha256:719a74fb9e33b9bd44cc7f3a8d94bc35e4049deebe19ba7d8e108280cfd59830"
            ],
            "version": "==2020.12.5"
        },
        "chardet": {
            "hashes": [
                "sha256:84ab92ed1c4d4f16916e05906b6b75a6c0fb5db821cc65e70cbd64a3e2a5eaae",
                "sha256:fc323ffcaeaed0e0a02bf4d117757b98aed530d9ed4531e3e15460124c106691"
            ],
            "version": "==3.0.4"
        },
        "idna": {
            "hashes": [
                "sha256:b307872f855b18632ce0c21c5e45be78c0ea7ae4c15c828c20788b26921eb3f6",
                "sha256:b97d804b1e9b523befed77c48dacec60e6dcb0b5391d57af6a65a312a90648c0"
            ],
            "version": "==2.10"
        },
        "importlib-metadata": {
            "hashes": [
                "sha256:19192b88d959336bfa6bdaaaef99aeafec179eca19c47c804e555703ee5f07ef",
                "sha256:2e881981c9748d7282b374b68e759c87745c25427b67ecf0cc67fb6637a1bff9"
            ],
            "markers": "python_version < '3.8'",
            "version": "==4.0.0"
        },
        "install": {
            "hashes": [
                "sha256:1455304a2475b6753a9b0c28243ca7d8b7d71aeea1a88e6de94034fc57d765a0",
                "sha256:dfec614e0cc90f00659067a078bc2ec032d9f0758f3df230c073eeaffd0cefa1"
            ],
            "index": "pypi",
            "version": "==1.3.4"
        },
        "jmespath": {
            "hashes": [
                "sha256:b85d0567b8666149a93172712e68920734333c0ce7e89b78b3e987f71e5ed4f9",
                "sha256:cdf6525904cc597730141d61b36f2e4b8ecc257c420fa2f4549bac2c2d0cb72f"
            ],
            "version": "==0.10.0"
        },
        "more-itertools": {
            "hashes": [
                "sha256:5652a9ac72209ed7df8d9c15daf4e1aa0e3d2ccd3c87f8265a0673cd9cbc9ced",
                "sha256:c5d6da9ca3ff65220c3bfd2a8db06d698f05d4d2b9be57e1deb2be5a45019713"
            ],
            "version": "==8.7.0"
        },
        "packaging": {
            "hashes": [
                "sha256:5b327ac1320dc863dca72f4514ecc086f31186744b84a230374cc1fd776feae5",
                "sha256:67714da7f7bc052e064859c05c595155bd1ee9f69f76557e21f051443c20947a"
            ],
            "version": "==20.9"
        },
        "pluggy": {
            "hashes": [
                "sha256:15b2acde666561e1298d71b523007ed7364de07029219b604cf808bfa1c765b0",
                "sha256:966c145cd83c96502c3c3868f50408687b38434af77734af1e9ca461a4081d2d"
            ],
            "version": "==0.13.1"
        },
        "py": {
            "hashes": [
                "sha256:21b81bda15b66ef5e1a777a21c4dcd9c20ad3efd0b3f817e7a809035269e1bd3",
                "sha256:3b80836aa6d1feeaa108e046da6423ab8f6ceda6468545ae8d02d9d58d18818a"
            ],
            "index": "pypi",
            "version": "==1.10.0"
        },
        "pyparsing": {
            "hashes": [
                "sha256:c203ec8783bf771a155b207279b9bccb8dea02d8f0c9e5f8ead507bc3246ecc1",
                "sha256:ef9d7589ef3c200abe66653d3f1ab1033c3c419ae9b9bdb1240a85b024efc88b"
            ],
            "version": "==2.4.7"
        },
        "pytest": {
            "hashes": [
                "sha256:671238a46e4df0f3498d1c3270e5deb9b32d25134c99b7d75370a68cfbe9b634",
                "sha256:6ad9c7bdf517a808242b998ac20063c41532a570d088d77eec1ee12b0b5574bc"
            ],
            "version": "==6.2.3"
        },
        "pytest-html": {
            "hashes": [
                "sha256:6a4ac391e105e391208e3eb9bd294a60dd336447fd8e1acddff3a6de7f4e57c5",
                "sha256:9e4817e8be8ddde62e8653c8934d0f296b605da3d2277a052f762c56a8b32df2"
            ],
            "index": "pypi",
            "version": "==2.1.1"
        },
        "pytest-metadata": {
            "hashes": [
                "sha256:576055b8336dd4a9006dd2a47615f76f2f8c30ab12b1b1c039d99e834583523f",
                "sha256:71b506d49d34e539cc3cfdb7ce2c5f072bea5c953320002c95968e0238f8ecf1"
            ],
            "version": "==1.11.0"
        },
        "python-dateutil": {
            "hashes": [
                "sha256:73ebfe9dbf22e832286dafa60473e4cd239f8592f699aa5adaf10050e6e1823c",
                "sha256:75bb3f31ea686f1197762692a9ee6a7550b59fc6ca3a1f4b5d7e32fb98e2da2a"
            ],
            "version": "==2.8.1"
        },
        "requests": {
            "hashes": [
                "sha256:43999036bfa82904b6af1d99e4882b560e5e2c68e5c4b0aa03b655f3d7d73fee",
                "sha256:b3f43d496c6daba4493e7c431722aeb7dbc6288f52a6e04e7b6023b0247817e6"
            ],
            "index": "pypi",
            "version": "==2.23.0"
        },
        "s3transfer": {
            "hashes": [
                "sha256:af1af6384bd7fb8208b06480f9be73d0295d965c4c073a5c95ea5b6661dccc18",
                "sha256:f3dfd791cad2799403e3c8051810a7ca6ee1d2e630e5d2a8f9649d892bdb3db6"
            ],
            "version": "==0.4.0"
        },
        "six": {
            "hashes": [
                "sha256:30639c035cdb23534cd4aa2dd52c3bf48f06e5f4a941509c8bafd8ce11080259",
                "sha256:8b74bedcbbbaca38ff6d7491d76f2b06b3592611af620f8426e82dddb04a5ced"
            ],
            "version": "==1.15.0"
        },
        "tesults": {
            "hashes": [
                "sha256:26602c0a814914f304f741fc34db2c028147f0d206982bb2d7267b39cc647520",
                "sha256:db88108a024cc33f4d57bb359e9f7c6e24f1161082c4a57292a1b675c180cc07"
            ],
            "index": "pypi",
            "version": "==1.2.1"
        },
        "typing-extensions": {
            "hashes": [
                "sha256:7cb407020f00f7bfc3cb3e7881628838e69d8f3fcab2f64742a5e76b2f841918",
                "sha256:99d4073b617d30288f569d3f13d2bd7548c3a7e4c8de87db09a9d29bb3a4a60c",
                "sha256:dafc7639cde7f1b6e1acc0f457842a83e722ccca8eef5270af2d74792619a89f"
            ],
            "markers": "python_version < '3.8'",
            "version": "==3.7.4.3"
        },
        "urllib3": {
            "hashes": [
                "sha256:8d7eaa5a82a1cac232164990f04874c594c9453ec55eef02eab885aa02fc17a2",
                "sha256:f5321fbe4bf3fefa0efd0bfe7fb14e90909eb62a48ccda331726b4319897dd5e"
            ],
            "version": "==1.25.11"
        },
        "wcwidth": {
            "hashes": [
                "sha256:beb4802a9cebb9144e99086eff703a642a13d6a0052920003a230f3294bbe784",
                "sha256:c4d647b99872929fdb7bdcaa4fbe7f01413ed3d98077df798530e5b04f116c83"
            ],
            "version": "==0.2.5"
        },
        "zipp": {
            "hashes": [
                "sha256:3607921face881ba3e026887d8150cca609d517579abe052ac81fc5aeffdbd76",
                "sha256:51cb66cc54621609dd593d1787f286ee42a5c0adbb4b29abea5a63edc3e03098"
            ],
            "version": "==3.4.1"
        }
    }
}
